<?xml version="1.0" encoding="utf-8"?>
<Project ToolsVersion="4.0" xmlns="http://schemas.microsoft.com/developer/msbuild/2003">
  <ItemGroup>
    <ClCompile Include="metadata.cpp">
      <Filter>logic</Filter>
    </ClCompile>
    <ClCompile Include="main.cpp">
      <Filter>logic</Filter>
    </ClCompile>
    <ClCompile Include="crt.cpp">
      <Filter>support</Filter>
    </ClCompile>
    <ClCompile Include="crt_file.cpp">
      <Filter>support</Filter>
    </ClCompile>
    <ClCompile Include="crt_translate.cpp">
      <Filter>support</Filter>
    </ClCompile>
    <ClCompile Include="stringbuilder.cpp">
      <Filter>support</Filter>
    </ClCompile>
    <ClCompile Include="win_draw.cpp">
      <Filter>platform</Filter>
    </ClCompile>
    <ClCompile Include="win_io_file.cpp">
      <Filter>platform</Filter>
    </ClCompile>
    <ClCompile Include="win_time.cpp">
      <Filter>platform</Filter>
    </ClCompile>
    <ClCompile Include="point.cpp">
      <Filter>support</Filter>
    </ClCompile>
    <ClCompile Include="color.cpp">
      <Filter>support</Filter>
    </ClCompile>
    <ClCompile Include="szdup.cpp">
      <Filter>support</Filter>
    </ClCompile>
    <ClCompile Include="variant.cpp">
      <Filter>support</Filter>
    </ClCompile>
    <ClCompile Include="bsreq.cpp">
      <Filter>support</Filter>
    </ClCompile>
    <ClCompile Include="gender.cpp">
      <Filter>logic</Filter>
    </ClCompile>
    <ClCompile Include="condition.cpp">
      <Filter>support</Filter>
    </ClCompile>
    <ClCompile Include="function.cpp">
      <Filter>support</Filter>
    </ClCompile>
    <ClCompile Include="statable.cpp">
      <Filter>logic</Filter>
    </ClCompile>
    <ClCompile Include="io_bsreq.cpp">
      <Filter>stream</Filter>
    </ClCompile>
    <ClCompile Include="io_stream.cpp">
      <Filter>stream</Filter>
    </ClCompile>
    <ClCompile Include="log.cpp">
      <Filter>stream</Filter>
    </ClCompile>
    <ClCompile Include="logparse.cpp">
      <Filter>stream</Filter>
    </ClCompile>
    <ClCompile Include="script.cpp">
      <Filter>support</Filter>
    </ClCompile>
    <ClCompile Include="scripting.cpp">
      <Filter>logic</Filter>
    </ClCompile>
    <ClCompile Include="character.cpp">
      <Filter>logic</Filter>
    </ClCompile>
    <ClCompile Include="grade.cpp">
      <Filter>logic</Filter>
    </ClCompile>
    <ClCompile Include="commands.cpp">
      <Filter>logic</Filter>
    </ClCompile>
    <ClCompile Include="stringcopy.cpp">
      <Filter>support</Filter>
    </ClCompile>
    <ClCompile Include="filelist.cpp">
      <Filter>support</Filter>
    </ClCompile>
    <ClCompile Include="information.cpp">
      <Filter>logic</Filter>
    </ClCompile>
    <ClCompile Include="serial.cpp">
      <Filter>logic</Filter>
    </ClCompile>
    <ClCompile Include="archive.cpp">
      <Filter>support</Filter>
    </ClCompile>
    <ClCompile Include="datasource.cpp">
      <Filter>support</Filter>
    </ClCompile>
    <ClCompile Include="main_util.cpp">
      <Filter>util</Filter>
    </ClCompile>
    <ClCompile Include="sprite_util.cpp">
      <Filter>util</Filter>
    </ClCompile>
    <ClCompile Include="material.cpp">
      <Filter>logic</Filter>
    </ClCompile>
    <ClCompile Include="stringlib.cpp">
      <Filter>support</Filter>
    </ClCompile>
    <ClCompile Include="area.cpp">
      <Filter>logic</Filter>
    </ClCompile>
    <ClCompile Include="scenery.cpp">
      <Filter>logic</Filter>
    </ClCompile>
    <ClCompile Include="pro_tile.cpp">
      <Filter>proto</Filter>
    </ClCompile>
    <ClCompile Include="pro_scenery.cpp">
      <Filter>proto</Filter>
    </ClCompile>
    <ClCompile Include="pro_wall.cpp">
      <Filter>proto</Filter>
    </ClCompile>
    <ClCompile Include="wall.cpp">
      <Filter>logic</Filter>
    </ClCompile>
    <ClCompile Include="light.cpp">
      <Filter>logic</Filter>
    </ClCompile>
    <ClCompile Include="objectf.cpp">
      <Filter>logic</Filter>
    </ClCompile>
    <ClCompile Include="tilegroup.cpp">
      <Filter>logic</Filter>
    </ClCompile>
    <ClCompile Include="direction.cpp">
      <Filter>logic</Filter>
    </ClCompile>
    <ClCompile Include="terrain.cpp">
      <Filter>logic</Filter>
    </ClCompile>
    <ClCompile Include="anminfo.cpp">
      <Filter>logic</Filter>
    </ClCompile>
    <ClCompile Include="wear.cpp">
      <Filter>logic</Filter>
    </ClCompile>
    <ClCompile Include="item.cpp">
      <Filter>logic</Filter>
    </ClCompile>
    <ClCompile Include="itemlist.cpp">
      <Filter>logic</Filter>
    </ClCompile>
    <ClCompile Include="wearable.cpp">
      <Filter>logic</Filter>
    </ClCompile>
    <ClCompile Include="damage.cpp">
      <Filter>logic</Filter>
    </ClCompile>
    <ClCompile Include="control.cpp">
      <Filter>support</Filter>
    </ClCompile>
    <ClCompile Include="command.cpp">
      <Filter>support</Filter>
    </ClCompile>
    <ClCompile Include="dialog.cpp">
      <Filter>support</Filter>
    </ClCompile>
    <ClCompile Include="drawable.cpp">
      <Filter>support</Filter>
    </ClCompile>
    <ClCompile Include="action.cpp">
      <Filter>logic</Filter>
    </ClCompile>
    <ClCompile Include="pro_criters_util.cpp">
      <Filter>util</Filter>
    </ClCompile>
    <ClCompile Include="widget.cpp">
      <Filter>support</Filter>
    </ClCompile>
    <ClCompile Include="focus.cpp">
      <Filter>support</Filter>
    </ClCompile>
    <ClCompile Include="screenshoot.cpp">
      <Filter>support</Filter>
    </ClCompile>
    <ClCompile Include="surface_serial.cpp">
      <Filter>support</Filter>
    </ClCompile>
    <ClCompile Include="draw.cpp">
      <Filter>support</Filter>
    </ClCompile>
    <ClCompile Include="draw_text.cpp">
      <Filter>support</Filter>
    </ClCompile>
    <ClCompile Include="draw_textf.cpp">
      <Filter>support</Filter>
    </ClCompile>
    <ClCompile Include="itemf.cpp">
      <Filter>logic</Filter>
    </ClCompile>
    <ClCompile Include="pathfind.cpp">
      <Filter>support</Filter>
    </ClCompile>
    <ClCompile Include="animable.cpp">
      <Filter>logic</Filter>
    </ClCompile>
    <ClCompile Include="cicling.cpp">
      <Filter>logic</Filter>
    </ClCompile>
    <ClCompile Include="controls.cpp">
      <Filter>logic</Filter>
    </ClCompile>
    <ClCompile Include="editor.cpp">
      <Filter>logic</Filter>
    </ClCompile>
    <ClCompile Include="pallette.cpp">
      <Filter>logic</Filter>
    </ClCompile>
    <ClCompile Include="resid.cpp">
      <Filter>logic</Filter>
    </ClCompile>
    <ClCompile Include="spriteable.cpp">
      <Filter>logic</Filter>
    </ClCompile>
    <ClCompile Include="worldmap.cpp">
      <Filter>logic</Filter>
    </ClCompile>
    <ClCompile Include="game.cpp">
      <Filter>logic</Filter>
    </ClCompile>
    <ClCompile Include="status.cpp">
      <Filter>logic</Filter>
    </ClCompile>
    <ClCompile Include="global.cpp">
      <Filter>logic</Filter>
    </ClCompile>
    <ClCompile Include="floatstring.cpp">
      <Filter>support</Filter>
    </ClCompile>
    <ClCompile Include="chat.cpp">
      <Filter>support</Filter>
    </ClCompile>
  </ItemGroup>
  <ItemGroup>
    <Filter Include="logic">
      <UniqueIdentifier>{b38cdc33-4e75-4872-bdfa-b6f0743cbfc1}</UniqueIdentifier>
    </Filter>
    <Filter Include="support">
      <UniqueIdentifier>{18b4a26c-78f9-4a20-bbc9-809194a62206}</UniqueIdentifier>
    </Filter>
    <Filter Include="platform">
      <UniqueIdentifier>{45cba693-bc67-4095-98c6-83f488c469b6}</UniqueIdentifier>
    </Filter>
    <Filter Include="data">
      <UniqueIdentifier>{bd15eacb-de0b-4458-aec5-ef3dd236d9f1}</UniqueIdentifier>
    </Filter>
    <Filter Include="stream">
      <UniqueIdentifier>{d88cfdfb-8cc0-47d3-ab57-1dd15329fec3}</UniqueIdentifier>
    </Filter>
    <Filter Include="forms">
      <UniqueIdentifier>{2e60f060-3406-4414-85b8-18c2e12f7d36}</UniqueIdentifier>
    </Filter>
    <Filter Include="util">
      <UniqueIdentifier>{143b8b8f-8b64-42f5-bca7-2bd5f4e43733}</UniqueIdentifier>
    </Filter>
    <Filter Include="proto">
      <UniqueIdentifier>{bd5f45e3-9bea-40e6-8255-68cde886cc85}</UniqueIdentifier>
    </Filter>
    <Filter Include="localize">
      <UniqueIdentifier>{9b8ac0be-98e9-4671-94eb-101e1c686719}</UniqueIdentifier>
    </Filter>
    <Filter Include="chat">
      <UniqueIdentifier>{49ee3ef8-9d22-4604-9c12-03881dd7fc41}</UniqueIdentifier>
    </Filter>
  </ItemGroup>
  <ItemGroup>
    <ClInclude Include="crt.h">
      <Filter>support</Filter>
    </ClInclude>
    <ClInclude Include="stringbuilder.h">
      <Filter>support</Filter>
    </ClInclude>
    <ClInclude Include="win.h">
      <Filter>platform</Filter>
    </ClInclude>
    <ClInclude Include="point.h">
      <Filter>support</Filter>
    </ClInclude>
    <ClInclude Include="rect.h">
      <Filter>support</Filter>
    </ClInclude>
    <ClInclude Include="color.h">
      <Filter>support</Filter>
    </ClInclude>
    <ClInclude Include="main.h">
      <Filter>logic</Filter>
    </ClInclude>
    <ClInclude Include="variant.h">
      <Filter>support</Filter>
    </ClInclude>
    <ClInclude Include="bsreq.h">
      <Filter>support</Filter>
    </ClInclude>
    <ClInclude Include="gender.h">
      <Filter>logic</Filter>
    </ClInclude>
    <ClInclude Include="condition.h">
      <Filter>support</Filter>
    </ClInclude>
    <ClInclude Include="function.h">
      <Filter>support</Filter>
    </ClInclude>
    <ClInclude Include="flagable.h">
      <Filter>support</Filter>
    </ClInclude>
    <ClInclude Include="io_stream.h">
      <Filter>stream</Filter>
    </ClInclude>
    <ClInclude Include="log.h">
      <Filter>stream</Filter>
    </ClInclude>
    <ClInclude Include="logparse.h">
      <Filter>stream</Filter>
    </ClInclude>
    <ClInclude Include="script.h">
      <Filter>support</Filter>
    </ClInclude>
    <ClInclude Include="stringlist.h">
      <Filter>support</Filter>
    </ClInclude>
    <ClInclude Include="stringcopy.h">
      <Filter>support</Filter>
    </ClInclude>
    <ClInclude Include="filelist.h">
      <Filter>support</Filter>
    </ClInclude>
    <ClInclude Include="archive.h">
      <Filter>support</Filter>
    </ClInclude>
    <ClInclude Include="datasource.h">
      <Filter>support</Filter>
    </ClInclude>
    <ClInclude Include="main_util.h">
      <Filter>util</Filter>
    </ClInclude>
    <ClInclude Include="sprite_util.h">
      <Filter>util</Filter>
    </ClInclude>
    <ClInclude Include="my_initialize_list.h">
      <Filter>support</Filter>
    </ClInclude>
    <ClInclude Include="stringlib.h">
      <Filter>support</Filter>
    </ClInclude>
    <ClInclude Include="area.h">
      <Filter>logic</Filter>
    </ClInclude>
    <ClInclude Include="control.h">
      <Filter>support</Filter>
    </ClInclude>
    <ClInclude Include="command.h">
      <Filter>support</Filter>
    </ClInclude>
    <ClInclude Include="dialog.h">
      <Filter>support</Filter>
    </ClInclude>
    <ClInclude Include="drawable.h">
      <Filter>support</Filter>
    </ClInclude>
    <ClInclude Include="widget.h">
      <Filter>support</Filter>
    </ClInclude>
    <ClInclude Include="focus.h">
      <Filter>support</Filter>
    </ClInclude>
    <ClInclude Include="screenshoot.h">
      <Filter>support</Filter>
    </ClInclude>
    <ClInclude Include="draw.h">
      <Filter>support</Filter>
    </ClInclude>
    <ClInclude Include="pathfind.h">
      <Filter>support</Filter>
    </ClInclude>
    <ClInclude Include="resid.h">
      <Filter>logic</Filter>
    </ClInclude>
    <ClInclude Include="floatstring.h">
      <Filter>support</Filter>
    </ClInclude>
    <ClInclude Include="chat.h">
      <Filter>support</Filter>
    </ClInclude>
  </ItemGroup>
  <ItemGroup>
    <Text Include="..\rules\Basic.txt">
      <Filter>data</Filter>
    </Text>
    <Text Include="..\rules\Prototype.txt">
      <Filter>data</Filter>
    </Text>
    <Text Include="..\rules\Perks.txt">
      <Filter>data</Filter>
    </Text>
    <Text Include="..\forms\CharacterGenerator.txt">
      <Filter>forms</Filter>
    </Text>
    <Text Include="..\forms\Message.txt">
      <Filter>forms</Filter>
    </Text>
    <Text Include="..\forms\Options.txt">
      <Filter>forms</Filter>
    </Text>
    <Text Include="..\forms\CharacterLoad.txt">
      <Filter>forms</Filter>
    </Text>
    <Text Include="..\forms\CharacterSave.txt">
      <Filter>forms</Filter>
    </Text>
    <Text Include="..\forms\CharacterExport.txt">
      <Filter>forms</Filter>
    </Text>
    <Text Include="..\forms\CharacterDelete.txt">
      <Filter>forms</Filter>
    </Text>
    <Text Include="..\forms\CharacterName.txt">
      <Filter>forms</Filter>
    </Text>
    <Text Include="..\forms\CharacterAge.txt">
      <Filter>forms</Filter>
    </Text>
    <Text Include="..\forms\CharacterGender.txt">
      <Filter>forms</Filter>
    </Text>
    <Text Include="..\locale\ru\Descriptions.txt">
      <Filter>localize</Filter>
    </Text>
    <Text Include="..\locale\ru\Names.txt">
      <Filter>localize</Filter>
    </Text>
    <Text Include="..\locale\ru\NamesSh.txt">
      <Filter>localize</Filter>
    </Text>
    <Text Include="..\locale\ru\Scenery.txt">
      <Filter>localize</Filter>
    </Text>
    <Text Include="..\locale\ru\Tiles.txt">
      <Filter>localize</Filter>
    </Text>
    <Text Include="..\locale\ru\Walls.txt">
      <Filter>localize</Filter>
    </Text>
    <Text Include="..\rules\Terrain.txt">
      <Filter>data</Filter>
    </Text>
    <Text Include="..\forms\CharacterInventory.txt">
      <Filter>forms</Filter>
    </Text>
    <Text Include="..\locale\ru\Items.txt">
      <Filter>localize</Filter>
    </Text>
    <Text Include="..\rules\Items.txt">
      <Filter>data</Filter>
    </Text>
    <Text Include="..\forms\CharacterGame.txt">
      <Filter>forms</Filter>
    </Text>
    <Text Include="..\forms\GameOptions.txt">
      <Filter>forms</Filter>
    </Text>
    <Text Include="..\forms\CharacterSheet.txt">
      <Filter>forms</Filter>
    </Text>
    <Text Include="..\chats\Melor.txt">
      <Filter>chat</Filter>
    </Text>
  </ItemGroup>
</Project>